{
  "object": {
    "pins": [
      {
        "package": "CIFoundation",
        "repositoryURL": "https://github.com/Cenith-Innovations/CIFoundation",
        "state": {
          "branch": null,
          "revision": "07cc4a1d1ceb32b56684d2b0cea560f7efb650cd",
          "version": "1.0.4"
        }
      }
    ]
  },
  "version": 1
}
